// !$*UTF8*$!
{
	archiveVersion = 1;
	classes = {
	};
	objectVersion = 46;
	objects = {

/* Begin PBXBuildFile section */
		393D9E891D3EEC76005C8CC2 /* AppDelegate.swift in Sources */ = {isa = PBXBuildFile; fileRef = 393D9E881D3EEC76005C8CC2 /* AppDelegate.swift */; };
		393D9E8E1D3EEC76005C8CC2 /* Main.storyboard in Resources */ = {isa = PBXBuildFile; fileRef = 393D9E8C1D3EEC76005C8CC2 /* Main.storyboard */; };
		393D9E911D3EEC76005C8CC2 /* HeroWatch.xcdatamodeld in Sources */ = {isa = PBXBuildFile; fileRef = 393D9E8F1D3EEC76005C8CC2 /* HeroWatch.xcdatamodeld */; };
		393D9E931D3EEC76005C8CC2 /* Assets.xcassets in Resources */ = {isa = PBXBuildFile; fileRef = 393D9E921D3EEC76005C8CC2 /* Assets.xcassets */; };
		393D9E961D3EEC76005C8CC2 /* LaunchScreen.storyboard in Resources */ = {isa = PBXBuildFile; fileRef = 393D9E941D3EEC76005C8CC2 /* LaunchScreen.storyboard */; };
		393D9EA11D3EEC77005C8CC2 /* HeroWatchTests.swift in Sources */ = {isa = PBXBuildFile; fileRef = 393D9EA01D3EEC77005C8CC2 /* HeroWatchTests.swift */; };
		393D9EAC1D3EF1D7005C8CC2 /* WelcomeViewController.swift in Sources */ = {isa = PBXBuildFile; fileRef = 393D9EAB1D3EF1D7005C8CC2 /* WelcomeViewController.swift */; };
		393D9EAE1D3EF24D005C8CC2 /* Constants.swift in Sources */ = {isa = PBXBuildFile; fileRef = 393D9EAD1D3EF24D005C8CC2 /* Constants.swift */; };
		393D9EB01D3EFAAB005C8CC2 /* UserViewController.swift in Sources */ = {isa = PBXBuildFile; fileRef = 393D9EAF1D3EFAAB005C8CC2 /* UserViewController.swift */; };
		393D9EB21D3F028C005C8CC2 /* UIUtilities.swift in Sources */ = {isa = PBXBuildFile; fileRef = 393D9EB11D3F028C005C8CC2 /* UIUtilities.swift */; };
		393D9EB41D3F1998005C8CC2 /* URLUtilities.swift in Sources */ = {isa = PBXBuildFile; fileRef = 393D9EB31D3F1998005C8CC2 /* URLUtilities.swift */; };
		393D9EB81D3F1C3E005C8CC2 /* JSONUtilities.swift in Sources */ = {isa = PBXBuildFile; fileRef = 393D9EB71D3F1C3E005C8CC2 /* JSONUtilities.swift */; };
		393D9EC21D430DA5005C8CC2 /* KDCircularProgress.swift in Sources */ = {isa = PBXBuildFile; fileRef = 393D9EC11D430DA5005C8CC2 /* KDCircularProgress.swift */; };
		393D9EC41D46D682005C8CC2 /* CircleAngles.swift in Sources */ = {isa = PBXBuildFile; fileRef = 393D9EC31D46D682005C8CC2 /* CircleAngles.swift */; };
		393D9EC61D480013005C8CC2 /* User.swift in Sources */ = {isa = PBXBuildFile; fileRef = 393D9EC51D480013005C8CC2 /* User.swift */; };
		393D9EC81D481E66005C8CC2 /* Heroes.swift in Sources */ = {isa = PBXBuildFile; fileRef = 393D9EC71D481E66005C8CC2 /* Heroes.swift */; };
		393D9ECD1D483BCA005C8CC2 /* UserInfoViewController.swift in Sources */ = {isa = PBXBuildFile; fileRef = 393D9ECC1D483BCA005C8CC2 /* UserInfoViewController.swift */; };
		393D9ECF1D484651005C8CC2 /* GraphViewController.swift in Sources */ = {isa = PBXBuildFile; fileRef = 393D9ECE1D484651005C8CC2 /* GraphViewController.swift */; };
		436913C21367AD6476A92013 /* Pods.framework in Frameworks */ = {isa = PBXBuildFile; fileRef = C421D84A71F3E5B678BBC72D /* Pods.framework */; settings = {ATTRIBUTES = (Weak, ); }; };
/* End PBXBuildFile section */

/* Begin PBXContainerItemProxy section */
		393D9E9D1D3EEC77005C8CC2 /* PBXContainerItemProxy */ = {
			isa = PBXContainerItemProxy;
			containerPortal = 393D9E7D1D3EEC76005C8CC2 /* Project object */;
			proxyType = 1;
			remoteGlobalIDString = 393D9E841D3EEC76005C8CC2;
			remoteInfo = HeroWatch;
		};
/* End PBXContainerItemProxy section */

/* Begin PBXFileReference section */
		393D9E851D3EEC76005C8CC2 /* HeroWatch.app */ = {isa = PBXFileReference; explicitFileType = wrapper.application; includeInIndex = 0; path = HeroWatch.app; sourceTree = BUILT_PRODUCTS_DIR; };
		393D9E881D3EEC76005C8CC2 /* AppDelegate.swift */ = {isa = PBXFileReference; lastKnownFileType = sourcecode.swift; path = AppDelegate.swift; sourceTree = "<group>"; };
		393D9E8D1D3EEC76005C8CC2 /* Base */ = {isa = PBXFileReference; lastKnownFileType = file.storyboard; name = Base; path = Base.lproj/Main.storyboard; sourceTree = "<group>"; };
		393D9E901D3EEC76005C8CC2 /* HeroWatch.xcdatamodel */ = {isa = PBXFileReference; lastKnownFileType = wrapper.xcdatamodel; path = HeroWatch.xcdatamodel; sourceTree = "<group>"; };
		393D9E921D3EEC76005C8CC2 /* Assets.xcassets */ = {isa = PBXFileReference; lastKnownFileType = folder.assetcatalog; path = Assets.xcassets; sourceTree = "<group>"; };
		393D9E951D3EEC76005C8CC2 /* Base */ = {isa = PBXFileReference; lastKnownFileType = file.storyboard; name = Base; path = Base.lproj/LaunchScreen.storyboard; sourceTree = "<group>"; };
		393D9E971D3EEC76005C8CC2 /* Info.plist */ = {isa = PBXFileReference; lastKnownFileType = text.plist.xml; path = Info.plist; sourceTree = "<group>"; };
		393D9E9C1D3EEC77005C8CC2 /* HeroWatchTests.xctest */ = {isa = PBXFileReference; explicitFileType = wrapper.cfbundle; includeInIndex = 0; path = HeroWatchTests.xctest; sourceTree = BUILT_PRODUCTS_DIR; };
		393D9EA01D3EEC77005C8CC2 /* HeroWatchTests.swift */ = {isa = PBXFileReference; lastKnownFileType = sourcecode.swift; path = HeroWatchTests.swift; sourceTree = "<group>"; };
		393D9EA21D3EEC77005C8CC2 /* Info.plist */ = {isa = PBXFileReference; lastKnownFileType = text.plist.xml; path = Info.plist; sourceTree = "<group>"; };
		393D9EAB1D3EF1D7005C8CC2 /* WelcomeViewController.swift */ = {isa = PBXFileReference; fileEncoding = 4; lastKnownFileType = sourcecode.swift; path = WelcomeViewController.swift; sourceTree = "<group>"; };
		393D9EAD1D3EF24D005C8CC2 /* Constants.swift */ = {isa = PBXFileReference; fileEncoding = 4; lastKnownFileType = sourcecode.swift; path = Constants.swift; sourceTree = "<group>"; };
		393D9EAF1D3EFAAB005C8CC2 /* UserViewController.swift */ = {isa = PBXFileReference; fileEncoding = 4; lastKnownFileType = sourcecode.swift; path = UserViewController.swift; sourceTree = "<group>"; };
		393D9EB11D3F028C005C8CC2 /* UIUtilities.swift */ = {isa = PBXFileReference; fileEncoding = 4; lastKnownFileType = sourcecode.swift; path = UIUtilities.swift; sourceTree = "<group>"; };
		393D9EB31D3F1998005C8CC2 /* URLUtilities.swift */ = {isa = PBXFileReference; fileEncoding = 4; lastKnownFileType = sourcecode.swift; path = URLUtilities.swift; sourceTree = "<group>"; };
		393D9EB71D3F1C3E005C8CC2 /* JSONUtilities.swift */ = {isa = PBXFileReference; fileEncoding = 4; lastKnownFileType = sourcecode.swift; path = JSONUtilities.swift; sourceTree = "<group>"; };
		393D9EC11D430DA5005C8CC2 /* KDCircularProgress.swift */ = {isa = PBXFileReference; fileEncoding = 4; lastKnownFileType = sourcecode.swift; path = KDCircularProgress.swift; sourceTree = "<group>"; };
		393D9EC31D46D682005C8CC2 /* CircleAngles.swift */ = {isa = PBXFileReference; fileEncoding = 4; lastKnownFileType = sourcecode.swift; path = CircleAngles.swift; sourceTree = "<group>"; };
		393D9EC51D480013005C8CC2 /* User.swift */ = {isa = PBXFileReference; fileEncoding = 4; lastKnownFileType = sourcecode.swift; path = User.swift; sourceTree = "<group>"; };
		393D9EC71D481E66005C8CC2 /* Heroes.swift */ = {isa = PBXFileReference; fileEncoding = 4; lastKnownFileType = sourcecode.swift; path = Heroes.swift; sourceTree = "<group>"; };
		393D9ECC1D483BCA005C8CC2 /* UserInfoViewController.swift */ = {isa = PBXFileReference; fileEncoding = 4; lastKnownFileType = sourcecode.swift; path = UserInfoViewController.swift; sourceTree = "<group>"; };
		393D9ECE1D484651005C8CC2 /* GraphViewController.swift */ = {isa = PBXFileReference; fileEncoding = 4; lastKnownFileType = sourcecode.swift; path = GraphViewController.swift; sourceTree = "<group>"; };
		82F09A6ADC985E48E5C84A8F /* Pods.debug.xcconfig */ = {isa = PBXFileReference; includeInIndex = 1; lastKnownFileType = text.xcconfig; name = Pods.debug.xcconfig; path = "Pods/Target Support Files/Pods/Pods.debug.xcconfig"; sourceTree = "<group>"; };
		C421D84A71F3E5B678BBC72D /* Pods.framework */ = {isa = PBXFileReference; explicitFileType = wrapper.framework; includeInIndex = 0; path = Pods.framework; sourceTree = BUILT_PRODUCTS_DIR; };
		D69DF52D1C68681D2DF1BCA1 /* Pods.release.xcconfig */ = {isa = PBXFileReference; includeInIndex = 1; lastKnownFileType = text.xcconfig; name = Pods.release.xcconfig; path = "Pods/Target Support Files/Pods/Pods.release.xcconfig"; sourceTree = "<group>"; };
/* End PBXFileReference section */

/* Begin PBXFrameworksBuildPhase section */
		393D9E821D3EEC76005C8CC2 /* Frameworks */ = {
			isa = PBXFrameworksBuildPhase;
			buildActionMask = 2147483647;
			files = (
				436913C21367AD6476A92013 /* Pods.framework in Frameworks */,
			);
			runOnlyForDeploymentPostprocessing = 0;
		};
		393D9E991D3EEC77005C8CC2 /* Frameworks */ = {
			isa = PBXFrameworksBuildPhase;
			buildActionMask = 2147483647;
			files = (
			);
			runOnlyForDeploymentPostprocessing = 0;
		};
/* End PBXFrameworksBuildPhase section */

/* Begin PBXGroup section */
		393D9E7C1D3EEC76005C8CC2 = {
			isa = PBXGroup;
			children = (
				393D9E871D3EEC76005C8CC2 /* HeroWatch */,
				393D9E9F1D3EEC77005C8CC2 /* HeroWatchTests */,
				393D9E861D3EEC76005C8CC2 /* Products */,
				A2448FF4ED6C3028B60F7869 /* Pods */,
				A1078BB1D34A321DCEF23A6E /* Frameworks */,
			);
			sourceTree = "<group>";
		};
		393D9E861D3EEC76005C8CC2 /* Products */ = {
			isa = PBXGroup;
			children = (
				393D9E851D3EEC76005C8CC2 /* HeroWatch.app */,
				393D9E9C1D3EEC77005C8CC2 /* HeroWatchTests.xctest */,
			);
			name = Products;
			sourceTree = "<group>";
		};
		393D9E871D3EEC76005C8CC2 /* HeroWatch */ = {
			isa = PBXGroup;
			children = (
				393D9E971D3EEC76005C8CC2 /* Info.plist */,
				393D9E881D3EEC76005C8CC2 /* AppDelegate.swift */,
				393D9EAD1D3EF24D005C8CC2 /* Constants.swift */,
				393D9E921D3EEC76005C8CC2 /* Assets.xcassets */,
				393D9E8F1D3EEC76005C8CC2 /* HeroWatch.xcdatamodeld */,
				393D9E941D3EEC76005C8CC2 /* LaunchScreen.storyboard */,
				393D9E8C1D3EEC76005C8CC2 /* Main.storyboard */,
				393D9ECE1D484651005C8CC2 /* GraphViewController.swift */,
				393D9ECC1D483BCA005C8CC2 /* UserInfoViewController.swift */,
				393D9EC91D481E6B005C8CC2 /* Modal */,
				393D9EB51D3F1B7D005C8CC2 /* Utilities */,
				393D9EB61D3F1B86005C8CC2 /* View Controller */,
			);
			path = HeroWatch;
			sourceTree = "<group>";
		};
		393D9E9F1D3EEC77005C8CC2 /* HeroWatchTests */ = {
			isa = PBXGroup;
			children = (
				393D9EA01D3EEC77005C8CC2 /* HeroWatchTests.swift */,
				393D9EA21D3EEC77005C8CC2 /* Info.plist */,
			);
			path = HeroWatchTests;
			sourceTree = "<group>";
		};
		393D9EB51D3F1B7D005C8CC2 /* Utilities */ = {
			isa = PBXGroup;
			children = (
				393D9EC31D46D682005C8CC2 /* CircleAngles.swift */,
				393D9EB71D3F1C3E005C8CC2 /* JSONUtilities.swift */,
				393D9EC11D430DA5005C8CC2 /* KDCircularProgress.swift */,
				393D9EB11D3F028C005C8CC2 /* UIUtilities.swift */,
				393D9EB31D3F1998005C8CC2 /* URLUtilities.swift */,
			);
			name = Utilities;
			sourceTree = "<group>";
		};
		393D9EB61D3F1B86005C8CC2 /* View Controller */ = {
			isa = PBXGroup;
			children = (
				393D9EAF1D3EFAAB005C8CC2 /* UserViewController.swift */,
				393D9EAB1D3EF1D7005C8CC2 /* WelcomeViewController.swift */,
			);
			name = "View Controller";
			sourceTree = "<group>";
		};
		393D9EC91D481E6B005C8CC2 /* Modal */ = {
			isa = PBXGroup;
			children = (
				393D9EC51D480013005C8CC2 /* User.swift */,
				393D9EC71D481E66005C8CC2 /* Heroes.swift */,
			);
			name = Modal;
			sourceTree = "<group>";
		};
		A1078BB1D34A321DCEF23A6E /* Frameworks */ = {
			isa = PBXGroup;
			children = (
				C421D84A71F3E5B678BBC72D /* Pods.framework */,
			);
			name = Frameworks;
			sourceTree = "<group>";
		};
		A2448FF4ED6C3028B60F7869 /* Pods */ = {
			isa = PBXGroup;
			children = (
				82F09A6ADC985E48E5C84A8F /* Pods.debug.xcconfig */,
				D69DF52D1C68681D2DF1BCA1 /* Pods.release.xcconfig */,
			);
			name = Pods;
			sourceTree = "<group>";
		};
/* End PBXGroup section */

/* Begin PBXNativeTarget section */
		393D9E841D3EEC76005C8CC2 /* HeroWatch */ = {
			isa = PBXNativeTarget;
			buildConfigurationList = 393D9EA51D3EEC77005C8CC2 /* Build configuration list for PBXNativeTarget "HeroWatch" */;
			buildPhases = (
				F320A8C72B2DC1DA191A4FC9 /* Check Pods Manifest.lock */,
				393D9E811D3EEC76005C8CC2 /* Sources */,
				393D9E821D3EEC76005C8CC2 /* Frameworks */,
				393D9E831D3EEC76005C8CC2 /* Resources */,
				5A3E4171583EF9FEA6A4FF4F /* Embed Pods Frameworks */,
				0AE95B4831BF2F4B0124662A /* Copy Pods Resources */,
			);
			buildRules = (
			);
			dependencies = (
			);
			name = HeroWatch;
			productName = HeroWatch;
			productReference = 393D9E851D3EEC76005C8CC2 /* HeroWatch.app */;
			productType = "com.apple.product-type.application";
		};
		393D9E9B1D3EEC77005C8CC2 /* HeroWatchTests */ = {
			isa = PBXNativeTarget;
			buildConfigurationList = 393D9EA81D3EEC77005C8CC2 /* Build configuration list for PBXNativeTarget "HeroWatchTests" */;
			buildPhases = (
				393D9E981D3EEC77005C8CC2 /* Sources */,
				393D9E991D3EEC77005C8CC2 /* Frameworks */,
				393D9E9A1D3EEC77005C8CC2 /* Resources */,
			);
			buildRules = (
			);
			dependencies = (
				393D9E9E1D3EEC77005C8CC2 /* PBXTargetDependency */,
			);
			name = HeroWatchTests;
			productName = HeroWatchTests;
			productReference = 393D9E9C1D3EEC77005C8CC2 /* HeroWatchTests.xctest */;
			productType = "com.apple.product-type.bundle.unit-test";
		};
/* End PBXNativeTarget section */

/* Begin PBXProject section */
		393D9E7D1D3EEC76005C8CC2 /* Project object */ = {
			isa = PBXProject;
			attributes = {
				LastSwiftUpdateCheck = 0730;
				LastUpgradeCheck = 0730;
				ORGANIZATIONNAME = "Matthew Rocco";
				TargetAttributes = {
					393D9E841D3EEC76005C8CC2 = {
						CreatedOnToolsVersion = 7.3.1;
						DevelopmentTeam = Z92AGQ2RYY;
					};
					393D9E9B1D3EEC77005C8CC2 = {
						CreatedOnToolsVersion = 7.3.1;
						DevelopmentTeam = Z92AGQ2RYY;
						TestTargetID = 393D9E841D3EEC76005C8CC2;
					};
				};
			};
			buildConfigurationList = 393D9E801D3EEC76005C8CC2 /* Build configuration list for PBXProject "HeroWatch" */;
			compatibilityVersion = "Xcode 3.2";
			developmentRegion = English;
			hasScannedForEncodings = 0;
			knownRegions = (
				en,
				Base,
			);
			mainGroup = 393D9E7C1D3EEC76005C8CC2;
			productRefGroup = 393D9E861D3EEC76005C8CC2 /* Products */;
			projectDirPath = "";
			projectRoot = "";
			targets = (
				393D9E841D3EEC76005C8CC2 /* HeroWatch */,
				393D9E9B1D3EEC77005C8CC2 /* HeroWatchTests */,
			);
		};
/* End PBXProject section */

/* Begin PBXResourcesBuildPhase section */
		393D9E831D3EEC76005C8CC2 /* Resources */ = {
			isa = PBXResourcesBuildPhase;
			buildActionMask = 2147483647;
			files = (
				393D9E961D3EEC76005C8CC2 /* LaunchScreen.storyboard in Resources */,
				393D9E931D3EEC76005C8CC2 /* Assets.xcassets in Resources */,
				393D9E8E1D3EEC76005C8CC2 /* Main.storyboard in Resources */,
			);
			runOnlyForDeploymentPostprocessing = 0;
		};
		393D9E9A1D3EEC77005C8CC2 /* Resources */ = {
			isa = PBXResourcesBuildPhase;
			buildActionMask = 2147483647;
			files = (
			);
			runOnlyForDeploymentPostprocessing = 0;
		};
/* End PBXResourcesBuildPhase section */

/* Begin PBXShellScriptBuildPhase section */
		0AE95B4831BF2F4B0124662A /* Copy Pods Resources */ = {
			isa = PBXShellScriptBuildPhase;
			buildActionMask = 2147483647;
			files = (
			);
			inputPaths = (
			);
			name = "Copy Pods Resources";
			outputPaths = (
			);
			runOnlyForDeploymentPostprocessing = 0;
			shellPath = /bin/sh;
			shellScript = "\"${SRCROOT}/Pods/Target Support Files/Pods/Pods-resources.sh\"\n";
			showEnvVarsInLog = 0;
		};
		5A3E4171583EF9FEA6A4FF4F /* Embed Pods Frameworks */ = {
			isa = PBXShellScriptBuildPhase;
			buildActionMask = 2147483647;
			files = (
			);
			inputPaths = (
			);
			name = "Embed Pods Frameworks";
			outputPaths = (
			);
			runOnlyForDeploymentPostprocessing = 0;
			shellPath = /bin/sh;
			shellScript = "\"${SRCROOT}/Pods/Target Support Files/Pods/Pods-frameworks.sh\"\n";
			showEnvVarsInLog = 0;
		};
		F320A8C72B2DC1DA191A4FC9 /* Check Pods Manifest.lock */ = {
			isa = PBXShellScriptBuildPhase;
			buildActionMask = 2147483647;
			files = (
			);
			inputPaths = (
			);
			name = "Check Pods Manifest.lock";
			outputPaths = (
			);
			runOnlyForDeploymentPostprocessing = 0;
			shellPath = /bin/sh;
			shellScript = "diff \"${PODS_ROOT}/../Podfile.lock\" \"${PODS_ROOT}/Manifest.lock\" > /dev/null\nif [[ $? != 0 ]] ; then\n    cat << EOM\nerror: The sandbox is not in sync with the Podfile.lock. Run 'pod install' or update your CocoaPods installation.\nEOM\n    exit 1\nfi\n";
			showEnvVarsInLog = 0;
		};
/* End PBXShellScriptBuildPhase section */

/* Begin PBXSourcesBuildPhase section */
		393D9E811D3EEC76005C8CC2 /* Sources */ = {
			isa = PBXSourcesBuildPhase;
			buildActionMask = 2147483647;
			files = (
				393D9EC21D430DA5005C8CC2 /* KDCircularProgress.swift in Sources */,
				393D9EB41D3F1998005C8CC2 /* URLUtilities.swift in Sources */,
				393D9EC81D481E66005C8CC2 /* Heroes.swift in Sources */,
				393D9EB21D3F028C005C8CC2 /* UIUtilities.swift in Sources */,
				393D9EAE1D3EF24D005C8CC2 /* Constants.swift in Sources */,
				393D9EB01D3EFAAB005C8CC2 /* UserViewController.swift in Sources */,
				393D9EC61D480013005C8CC2 /* User.swift in Sources */,
				393D9ECF1D484651005C8CC2 /* GraphViewController.swift in Sources */,
				393D9ECD1D483BCA005C8CC2 /* UserInfoViewController.swift in Sources */,
				393D9EB81D3F1C3E005C8CC2 /* JSONUtilities.swift in Sources */,
				393D9EAC1D3EF1D7005C8CC2 /* WelcomeViewController.swift in Sources */,
				393D9EC41D46D682005C8CC2 /* CircleAngles.swift in Sources */,
				393D9E911D3EEC76005C8CC2 /* HeroWatch.xcdatamodeld in Sources */,
				393D9E891D3EEC76005C8CC2 /* AppDelegate.swift in Sources */,
			);
			runOnlyForDeploymentPostprocessing = 0;
		};
		393D9E981D3EEC77005C8CC2 /* Sources */ = {
			isa = PBXSourcesBuildPhase;
			buildActionMask = 2147483647;
			files = (
				393D9EA11D3EEC77005C8CC2 /* HeroWatchTests.swift in Sources */,
			);
			runOnlyForDeploymentPostprocessing = 0;
		};
/* End PBXSourcesBuildPhase section */

/* Begin PBXTargetDependency section */
		393D9E9E1D3EEC77005C8CC2 /* PBXTargetDependency */ = {
			isa = PBXTargetDependency;
			target = 393D9E841D3EEC76005C8CC2 /* HeroWatch */;
			targetProxy = 393D9E9D1D3EEC77005C8CC2 /* PBXContainerItemProxy */;
		};
/* End PBXTargetDependency section */

/* Begin PBXVariantGroup section */
		393D9E8C1D3EEC76005C8CC2 /* Main.storyboard */ = {
			isa = PBXVariantGroup;
			children = (
				393D9E8D1D3EEC76005C8CC2 /* Base */,
			);
			name = Main.storyboard;
			sourceTree = "<group>";
		};
		393D9E941D3EEC76005C8CC2 /* LaunchScreen.storyboard */ = {
			isa = PBXVariantGroup;
			children = (
				393D9E951D3EEC76005C8CC2 /* Base */,
			);
			name = LaunchScreen.storyboard;
			sourceTree = "<group>";
		};
/* End PBXVariantGroup section */

/* Begin XCBuildConfiguration section */
		393D9EA31D3EEC77005C8CC2 /* Debug */ = {
			isa = XCBuildConfiguration;
			buildSettings = {
				ALWAYS_SEARCH_USER_PATHS = NO;
				CLANG_ANALYZER_NONNULL = YES;
				CLANG_CXX_LANGUAGE_STANDARD = "gnu++0x";
				CLANG_CXX_LIBRARY = "libc++";
				CLANG_ENABLE_MODULES = YES;
				CLANG_ENABLE_OBJC_ARC = YES;
				CLANG_WARN_BOOL_CONVERSION = YES;
				CLANG_WARN_CONSTANT_CONVERSION = YES;
				CLANG_WARN_DIRECT_OBJC_ISA_USAGE = YES_ERROR;
				CLANG_WARN_EMPTY_BODY = YES;
				CLANG_WARN_ENUM_CONVERSION = YES;
				CLANG_WARN_INT_CONVERSION = YES;
				CLANG_WARN_OBJC_ROOT_CLASS = YES_ERROR;
				CLANG_WARN_UNREACHABLE_CODE = YES;
				CLANG_WARN__DUPLICATE_METHOD_MATCH = YES;
				"CODE_SIGN_IDENTITY[sdk=iphoneos*]" = "iPhone Developer";
				COPY_PHASE_STRIP = NO;
				DEBUG_INFORMATION_FORMAT = dwarf;
				ENABLE_STRICT_OBJC_MSGSEND = YES;
				ENABLE_TESTABILITY = YES;
				GCC_C_LANGUAGE_STANDARD = gnu99;
				GCC_DYNAMIC_NO_PIC = NO;
				GCC_NO_COMMON_BLOCKS = YES;
				GCC_OPTIMIZATION_LEVEL = 0;
				GCC_PREPROCESSOR_DEFINITIONS = (
					"DEBUG=1",
					"$(inherited)",
				);
				GCC_WARN_64_TO_32_BIT_CONVERSION = YES;
				GCC_WARN_ABOUT_RETURN_TYPE = YES_ERROR;
				GCC_WARN_UNDECLARED_SELECTOR = YES;
				GCC_WARN_UNINITIALIZED_AUTOS = YES_AGGRESSIVE;
				GCC_WARN_UNUSED_FUNCTION = YES;
				GCC_WARN_UNUSED_VARIABLE = YES;
				IPHONEOS_DEPLOYMENT_TARGET = 9.3;
				MTL_ENABLE_DEBUG_INFO = YES;
				ONLY_ACTIVE_ARCH = YES;
				SDKROOT = iphoneos;
				SWIFT_OPTIMIZATION_LEVEL = "-Onone";
			};
			name = Debug;
		};
		393D9EA41D3EEC77005C8CC2 /* Release */ = {
			isa = XCBuildConfiguration;
			buildSettings = {
				ALWAYS_SEARCH_USER_PATHS = NO;
				CLANG_ANALYZER_NONNULL = YES;
				CLANG_CXX_LANGUAGE_STANDARD = "gnu++0x";
				CLANG_CXX_LIBRARY = "libc++";
				CLANG_ENABLE_MODULES = YES;
				CLANG_ENABLE_OBJC_ARC = YES;
				CLANG_WARN_BOOL_CONVERSION = YES;
				CLANG_WARN_CONSTANT_CONVERSION = YES;
				CLANG_WARN_DIRECT_OBJC_ISA_USAGE = YES_ERROR;
				CLANG_WARN_EMPTY_BODY = YES;
				CLANG_WARN_ENUM_CONVERSION = YES;
				CLANG_WARN_INT_CONVERSION = YES;
				CLANG_WARN_OBJC_ROOT_CLASS = YES_ERROR;
				CLANG_WARN_UNREACHABLE_CODE = YES;
				CLANG_WARN__DUPLICATE_METHOD_MATCH = YES;
				"CODE_SIGN_IDENTITY[sdk=iphoneos*]" = "iPhone Developer";
				COPY_PHASE_STRIP = NO;
				DEBUG_INFORMATION_FORMAT = "dwarf-with-dsym";
				ENABLE_NS_ASSERTIONS = NO;
				ENABLE_STRICT_OBJC_MSGSEND = YES;
				GCC_C_LANGUAGE_STANDARD = gnu99;
				GCC_NO_COMMON_BLOCKS = YES;
				GCC_WARN_64_TO_32_BIT_CONVERSION = YES;
				GCC_WARN_ABOUT_RETURN_TYPE = YES_ERROR;
				GCC_WARN_UNDECLARED_SELECTOR = YES;
				GCC_WARN_UNINITIALIZED_AUTOS = YES_AGGRESSIVE;
				GCC_WARN_UNUSED_FUNCTION = YES;
				GCC_WARN_UNUSED_VARIABLE = YES;
				IPHONEOS_DEPLOYMENT_TARGET = 9.3;
				MTL_ENABLE_DEBUG_INFO = NO;
				SDKROOT = iphoneos;
				VALIDATE_PRODUCT = YES;
			};
			name = Release;
		};
		393D9EA61D3EEC77005C8CC2 /* Debug */ = {
			isa = XCBuildConfiguration;
			baseConfigurationReference = 82F09A6ADC985E48E5C84A8F /* Pods.debug.xcconfig */;
			buildSettings = {
				ASSETCATALOG_COMPILER_APPICON_NAME = AppIcon;
				INFOPLIST_FILE = HeroWatch/Info.plist;
				IPHONEOS_DEPLOYMENT_TARGET = 9.0;
				LD_RUNPATH_SEARCH_PATHS = "$(inherited) @executable_path/Frameworks";
				PRODUCT_BUNDLE_IDENTIFIER = com.roclobster.HeroWatch;
				PRODUCT_NAME = "$(TARGET_NAME)";
			};
			name = Debug;
		};
		393D9EA71D3EEC77005C8CC2 /* Release */ = {
			isa = XCBuildConfiguration;
			baseConfigurationReference = D69DF52D1C68681D2DF1BCA1 /* Pods.release.xcconfig */;
			buildSettings = {
				ASSETCATALOG_COMPILER_APPICON_NAME = AppIcon;
				INFOPLIST_FILE = HeroWatch/Info.plist;
				IPHONEOS_DEPLOYMENT_TARGET = 9.0;
				LD_RUNPATH_SEARCH_PATHS = "$(inherited) @executable_path/Frameworks";
				PRODUCT_BUNDLE_IDENTIFIER = com.roclobster.HeroWatch;
				PRODUCT_NAME = "$(TARGET_NAME)";
			};
			name = Release;
		};
		393D9EA91D3EEC77005C8CC2 /* Debug */ = {
			isa = XCBuildConfiguration;
			buildSettings = {
				BUNDLE_LOADER = "$(TEST_HOST)";
				INFOPLIST_FILE = HeroWatchTests/Info.plist;
				LD_RUNPATH_SEARCH_PATHS = "$(inherited) @executable_path/Frameworks @loader_path/Frameworks";
				PRODUCT_BUNDLE_IDENTIFIER = com.roclobster.HeroWatchTests;
				PRODUCT_NAME = "$(TARGET_NAME)";
				TEST_HOST = "$(BUILT_PRODUCTS_DIR)/HeroWatch.app/HeroWatch";
			};
			name = Debug;
		};
		393D9EAA1D3EEC77005C8CC2 /* Release */ = {
			isa = XCBuildConfiguration;
			buildSettings = {
				BUNDLE_LOADER = "$(TEST_HOST)";
				INFOPLIST_FILE = HeroWatchTests/Info.plist;
				LD_RUNPATH_SEARCH_PATHS = "$(inherited) @executable_path/Frameworks @loader_path/Frameworks";
				PRODUCT_BUNDLE_IDENTIFIER = com.roclobster.HeroWatchTests;
				PRODUCT_NAME = "$(TARGET_NAME)";
				TEST_HOST = "$(BUILT_PRODUCTS_DIR)/HeroWatch.app/HeroWatch";
			};
			name = Release;
		};
/* End XCBuildConfiguration section */

/* Begin XCConfigurationList section */
		393D9E801D3EEC76005C8CC2 /* Build configuration list for PBXProject "HeroWatch" */ = {
			isa = XCConfigurationList;
			buildConfigurations = (
				393D9EA31D3EEC77005C8CC2 /* Debug */,
				393D9EA41D3EEC77005C8CC2 /* Release */,
			);
			defaultConfigurationIsVisible = 0;
			defaultConfigurationName = Release;
		};
		393D9EA51D3EEC77005C8CC2 /* Build configuration list for PBXNativeTarget "HeroWatch" */ = {
			isa = XCConfigurationList;
			buildConfigurations = (
				393D9EA61D3EEC77005C8CC2 /* Debug */,
				393D9EA71D3EEC77005C8CC2 /* Release */,
			);
			defaultConfigurationIsVisible = 0;
			defaultConfigurationName = Release;
		};
		393D9EA81D3EEC77005C8CC2 /* Build configuration list for PBXNativeTarget "HeroWatchTests" */ = {
			isa = XCConfigurationList;
			buildConfigurations = (
				393D9EA91D3EEC77005C8CC2 /* Debug */,
				393D9EAA1D3EEC77005C8CC2 /* Release */,
			);
			defaultConfigurationIsVisible = 0;
			defaultConfigurationName = Release;
		};
/* End XCConfigurationList section */

/* Begin XCVersionGroup section */
		393D9E8F1D3EEC76005C8CC2 /* HeroWatch.xcdatamodeld */ = {
			isa = XCVersionGroup;
			children = (
				393D9E901D3EEC76005C8CC2 /* HeroWatch.xcdatamodel */,
			);
			currentVersion = 393D9E901D3EEC76005C8CC2 /* HeroWatch.xcdatamodel */;
			path = HeroWatch.xcdatamodeld;
			sourceTree = "<group>";
			versionGroupType = wrapper.xcdatamodel;
		};
/* End XCVersionGroup section */
	};
	rootObject = 393D9E7D1D3EEC76005C8CC2 /* Project object */;
}
